// !$*UTF8*$!
{
	archiveVersion = 1;
	classes = {
	};
	objectVersion = 50;
	objects = {

/* Begin PBXBuildFile section */
		EFE7767822E80707000C8776 /* AppDelegate.swift in Sources */ = {isa = PBXBuildFile; fileRef = EFE7767722E80707000C8776 /* AppDelegate.swift */; };
		EFE7767D22E80707000C8776 /* Main.storyboard in Resources */ = {isa = PBXBuildFile; fileRef = EFE7767B22E80707000C8776 /* Main.storyboard */; };
		EFE7767F22E80708000C8776 /* Assets.xcassets in Resources */ = {isa = PBXBuildFile; fileRef = EFE7767E22E80708000C8776 /* Assets.xcassets */; };
		EFE7768222E80708000C8776 /* LaunchScreen.storyboard in Resources */ = {isa = PBXBuildFile; fileRef = EFE7768022E80708000C8776 /* LaunchScreen.storyboard */; };
		EFFDC8CC22E906A500A907E6 /* AlbumsTableVC.swift in Sources */ = {isa = PBXBuildFile; fileRef = EFFDC8CB22E906A500A907E6 /* AlbumsTableVC.swift */; };
		EFFDC8CE22E9094500A907E6 /* AlbumDetailTableVC.swift in Sources */ = {isa = PBXBuildFile; fileRef = EFFDC8CD22E9094500A907E6 /* AlbumDetailTableVC.swift */; };
		EFFDC8D122E90BE100A907E6 /* SongTableViewCell.swift in Sources */ = {isa = PBXBuildFile; fileRef = EFFDC8D022E90BE100A907E6 /* SongTableViewCell.swift */; };
		EFFDC8D322E90DEA00A907E6 /* exampleAlbum.json in Resources */ = {isa = PBXBuildFile; fileRef = EFFDC8D222E90DEA00A907E6 /* exampleAlbum.json */; };
		EFFDC8D522E90E3C00A907E6 /* Album.swift in Sources */ = {isa = PBXBuildFile; fileRef = EFFDC8D422E90E3C00A907E6 /* Album.swift */; };
		EFFDC8D722E93C6D00A907E6 /* AlbumController.swift in Sources */ = {isa = PBXBuildFile; fileRef = EFFDC8D622E93C6D00A907E6 /* AlbumController.swift */; };
/* End PBXBuildFile section */

/* Begin PBXFileReference section */
		EFE7767422E80707000C8776 /* iOS Albums.app */ = {isa = PBXFileReference; explicitFileType = wrapper.application; includeInIndex = 0; path = "iOS Albums.app"; sourceTree = BUILT_PRODUCTS_DIR; };
		EFE7767722E80707000C8776 /* AppDelegate.swift */ = {isa = PBXFileReference; lastKnownFileType = sourcecode.swift; path = AppDelegate.swift; sourceTree = "<group>"; };
		EFE7767C22E80707000C8776 /* Base */ = {isa = PBXFileReference; lastKnownFileType = file.storyboard; name = Base; path = Base.lproj/Main.storyboard; sourceTree = "<group>"; };
		EFE7767E22E80708000C8776 /* Assets.xcassets */ = {isa = PBXFileReference; lastKnownFileType = folder.assetcatalog; path = Assets.xcassets; sourceTree = "<group>"; };
		EFE7768122E80708000C8776 /* Base */ = {isa = PBXFileReference; lastKnownFileType = file.storyboard; name = Base; path = Base.lproj/LaunchScreen.storyboard; sourceTree = "<group>"; };
		EFE7768322E80708000C8776 /* Info.plist */ = {isa = PBXFileReference; lastKnownFileType = text.plist.xml; path = Info.plist; sourceTree = "<group>"; };
		EFFDC8CB22E906A500A907E6 /* AlbumsTableVC.swift */ = {isa = PBXFileReference; lastKnownFileType = sourcecode.swift; path = AlbumsTableVC.swift; sourceTree = "<group>"; };
		EFFDC8CD22E9094500A907E6 /* AlbumDetailTableVC.swift */ = {isa = PBXFileReference; lastKnownFileType = sourcecode.swift; path = AlbumDetailTableVC.swift; sourceTree = "<group>"; };
		EFFDC8D022E90BE100A907E6 /* SongTableViewCell.swift */ = {isa = PBXFileReference; lastKnownFileType = sourcecode.swift; path = SongTableViewCell.swift; sourceTree = "<group>"; };
		EFFDC8D222E90DEA00A907E6 /* exampleAlbum.json */ = {isa = PBXFileReference; fileEncoding = 4; lastKnownFileType = text.json; name = exampleAlbum.json; path = ../../exampleAlbum.json; sourceTree = "<group>"; };
		EFFDC8D422E90E3C00A907E6 /* Album.swift */ = {isa = PBXFileReference; lastKnownFileType = sourcecode.swift; path = Album.swift; sourceTree = "<group>"; };
		EFFDC8D622E93C6D00A907E6 /* AlbumController.swift */ = {isa = PBXFileReference; lastKnownFileType = sourcecode.swift; path = AlbumController.swift; sourceTree = "<group>"; };
/* End PBXFileReference section */

/* Begin PBXFrameworksBuildPhase section */
		EFE7767122E80707000C8776 /* Frameworks */ = {
			isa = PBXFrameworksBuildPhase;
			buildActionMask = 2147483647;
			files = (
			);
			runOnlyForDeploymentPostprocessing = 0;
		};
/* End PBXFrameworksBuildPhase section */

/* Begin PBXGroup section */
		EFE7766B22E80707000C8776 = {
			isa = PBXGroup;
			children = (
				EFE7767622E80707000C8776 /* iOS Albums */,
				EFE7768A22E80747000C8776 /* Resources */,
				EFE7767522E80707000C8776 /* Products */,
			);
			sourceTree = "<group>";
		};
		EFE7767522E80707000C8776 /* Products */ = {
			isa = PBXGroup;
			children = (
				EFE7767422E80707000C8776 /* iOS Albums.app */,
			);
			name = Products;
			sourceTree = "<group>";
		};
		EFE7767622E80707000C8776 /* iOS Albums */ = {
			isa = PBXGroup;
			children = (
				EFE7768C22E8076F000C8776 /* Models */,
				EFE7768D22E80778000C8776 /* Model Controllers */,
				EFFDC8CF22E90BB000A907E6 /* Views */,
				EFE7768B22E8075D000C8776 /* View Controllers */,
				EFE7768922E8072C000C8776 /* StoryBoards */,
			);
			path = "iOS Albums";
			sourceTree = "<group>";
		};
		EFE7768922E8072C000C8776 /* StoryBoards */ = {
			isa = PBXGroup;
			children = (
				EFE7767B22E80707000C8776 /* Main.storyboard */,
				EFE7768022E80708000C8776 /* LaunchScreen.storyboard */,
			);
			path = StoryBoards;
			sourceTree = "<group>";
		};
		EFE7768A22E80747000C8776 /* Resources */ = {
			isa = PBXGroup;
			children = (
				EFE7767722E80707000C8776 /* AppDelegate.swift */,
				EFE7767E22E80708000C8776 /* Assets.xcassets */,
				EFE7768322E80708000C8776 /* Info.plist */,
				EFFDC8D222E90DEA00A907E6 /* exampleAlbum.json */,
			);
			path = Resources;
			sourceTree = "<group>";
		};
		EFE7768B22E8075D000C8776 /* View Controllers */ = {
			isa = PBXGroup;
			children = (
				EFFDC8CB22E906A500A907E6 /* AlbumsTableVC.swift */,
				EFFDC8CD22E9094500A907E6 /* AlbumDetailTableVC.swift */,
			);
			path = "View Controllers";
			sourceTree = "<group>";
		};
		EFE7768C22E8076F000C8776 /* Models */ = {
			isa = PBXGroup;
			children = (
				EFFDC8D422E90E3C00A907E6 /* Album.swift */,
			);
			path = Models;
			sourceTree = "<group>";
		};
		EFE7768D22E80778000C8776 /* Model Controllers */ = {
			isa = PBXGroup;
			children = (
				EFFDC8D622E93C6D00A907E6 /* AlbumController.swift */,
			);
			path = "Model Controllers";
			sourceTree = "<group>";
		};
		EFFDC8CF22E90BB000A907E6 /* Views */ = {
			isa = PBXGroup;
			children = (
				EFFDC8D022E90BE100A907E6 /* SongTableViewCell.swift */,
			);
			path = Views;
			sourceTree = "<group>";
		};
/* End PBXGroup section */

/* Begin PBXNativeTarget section */
		EFE7767322E80707000C8776 /* iOS Albums */ = {
			isa = PBXNativeTarget;
			buildConfigurationList = EFE7768622E80708000C8776 /* Build configuration list for PBXNativeTarget "iOS Albums" */;
			buildPhases = (
				EFE7767022E80707000C8776 /* Sources */,
				EFE7767122E80707000C8776 /* Frameworks */,
				EFE7767222E80707000C8776 /* Resources */,
			);
			buildRules = (
			);
			dependencies = (
			);
			name = "iOS Albums";
			productName = "iOS Albums";
			productReference = EFE7767422E80707000C8776 /* iOS Albums.app */;
			productType = "com.apple.product-type.application";
		};
/* End PBXNativeTarget section */

/* Begin PBXProject section */
		EFE7766C22E80707000C8776 /* Project object */ = {
			isa = PBXProject;
			attributes = {
				LastSwiftUpdateCheck = 1030;
				LastUpgradeCheck = 1030;
				ORGANIZATIONNAME = Seschwan;
				TargetAttributes = {
					EFE7767322E80707000C8776 = {
						CreatedOnToolsVersion = 10.3;
					};
				};
			};
			buildConfigurationList = EFE7766F22E80707000C8776 /* Build configuration list for PBXProject "iOS Albums" */;
			compatibilityVersion = "Xcode 9.3";
			developmentRegion = en;
			hasScannedForEncodings = 0;
			knownRegions = (
				en,
				Base,
			);
			mainGroup = EFE7766B22E80707000C8776;
			productRefGroup = EFE7767522E80707000C8776 /* Products */;
			projectDirPath = "";
			projectRoot = "";
			targets = (
				EFE7767322E80707000C8776 /* iOS Albums */,
			);
		};
/* End PBXProject section */

/* Begin PBXResourcesBuildPhase section */
		EFE7767222E80707000C8776 /* Resources */ = {
			isa = PBXResourcesBuildPhase;
			buildActionMask = 2147483647;
			files = (
				EFE7768222E80708000C8776 /* LaunchScreen.storyboard in Resources */,
				EFE7767F22E80708000C8776 /* Assets.xcassets in Resources */,
				EFFDC8D322E90DEA00A907E6 /* exampleAlbum.json in Resources */,
				EFE7767D22E80707000C8776 /* Main.storyboard in Resources */,
			);
			runOnlyForDeploymentPostprocessing = 0;
		};
/* End PBXResourcesBuildPhase section */

/* Begin PBXSourcesBuildPhase section */
		EFE7767022E80707000C8776 /* Sources */ = {
			isa = PBXSourcesBuildPhase;
			buildActionMask = 2147483647;
			files = (
				EFFDC8D122E90BE100A907E6 /* SongTableViewCell.swift in Sources */,
				EFFDC8D722E93C6D00A907E6 /* AlbumController.swift in Sources */,
				EFFDC8CE22E9094500A907E6 /* AlbumDetailTableVC.swift in Sources */,
				EFE7767822E80707000C8776 /* AppDelegate.swift in Sources */,
				EFFDC8CC22E906A500A907E6 /* AlbumsTableVC.swift in Sources */,
				EFFDC8D522E90E3C00A907E6 /* Album.swift in Sources */,
			);
			runOnlyForDeploymentPostprocessing = 0;
		};
/* End PBXSourcesBuildPhase section */

/* Begin PBXVariantGroup section */
		EFE7767B22E80707000C8776 /* Main.storyboard */ = {
			isa = PBXVariantGroup;
			children = (
				EFE7767C22E80707000C8776 /* Base */,
			);
			name = Main.storyboard;
			sourceTree = "<group>";
		};
		EFE7768022E80708000C8776 /* LaunchScreen.storyboard */ = {
			isa = PBXVariantGroup;
			children = (
				EFE7768122E80708000C8776 /* Base */,
			);
			name = LaunchScreen.storyboard;
			sourceTree = "<group>";
		};
/* End PBXVariantGroup section */

/* Begin XCBuildConfiguration section */
		EFE7768422E80708000C8776 /* Debug */ = {
			isa = XCBuildConfiguration;
			buildSettings = {
				ALWAYS_SEARCH_USER_PATHS = NO;
				CLANG_ANALYZER_NONNULL = YES;
				CLANG_ANALYZER_NUMBER_OBJECT_CONVERSION = YES_AGGRESSIVE;
				CLANG_CXX_LANGUAGE_STANDARD = "gnu++14";
				CLANG_CXX_LIBRARY = "libc++";
				CLANG_ENABLE_MODULES = YES;
				CLANG_ENABLE_OBJC_ARC = YES;
				CLANG_ENABLE_OBJC_WEAK = YES;
				CLANG_WARN_BLOCK_CAPTURE_AUTORELEASING = YES;
				CLANG_WARN_BOOL_CONVERSION = YES;
				CLANG_WARN_COMMA = YES;
				CLANG_WARN_CONSTANT_CONVERSION = YES;
				CLANG_WARN_DEPRECATED_OBJC_IMPLEMENTATIONS = YES;
				CLANG_WARN_DIRECT_OBJC_ISA_USAGE = YES_ERROR;
				CLANG_WARN_DOCUMENTATION_COMMENTS = YES;
				CLANG_WARN_EMPTY_BODY = YES;
				CLANG_WARN_ENUM_CONVERSION = YES;
				CLANG_WARN_INFINITE_RECURSION = YES;
				CLANG_WARN_INT_CONVERSION = YES;
				CLANG_WARN_NON_LITERAL_NULL_CONVERSION = YES;
				CLANG_WARN_OBJC_IMPLICIT_RETAIN_SELF = YES;
				CLANG_WARN_OBJC_LITERAL_CONVERSION = YES;
				CLANG_WARN_OBJC_ROOT_CLASS = YES_ERROR;
				CLANG_WARN_RANGE_LOOP_ANALYSIS = YES;
				CLANG_WARN_STRICT_PROTOTYPES = YES;
				CLANG_WARN_SUSPICIOUS_MOVE = YES;
				CLANG_WARN_UNGUARDED_AVAILABILITY = YES_AGGRESSIVE;
				CLANG_WARN_UNREACHABLE_CODE = YES;
				CLANG_WARN__DUPLICATE_METHOD_MATCH = YES;
				CODE_SIGN_IDENTITY = "iPhone Developer";
				COPY_PHASE_STRIP = NO;
				DEBUG_INFORMATION_FORMAT = dwarf;
				ENABLE_STRICT_OBJC_MSGSEND = YES;
				ENABLE_TESTABILITY = YES;
				GCC_C_LANGUAGE_STANDARD = gnu11;
				GCC_DYNAMIC_NO_PIC = NO;
				GCC_NO_COMMON_BLOCKS = YES;
				GCC_OPTIMIZATION_LEVEL = 0;
				GCC_PREPROCESSOR_DEFINITIONS = (
					"DEBUG=1",
					"$(inherited)",
				);
				GCC_WARN_64_TO_32_BIT_CONVERSION = YES;
				GCC_WARN_ABOUT_RETURN_TYPE = YES_ERROR;
				GCC_WARN_UNDECLARED_SELECTOR = YES;
				GCC_WARN_UNINITIALIZED_AUTOS = YES_AGGRESSIVE;
				GCC_WARN_UNUSED_FUNCTION = YES;
				GCC_WARN_UNUSED_VARIABLE = YES;
				IPHONEOS_DEPLOYMENT_TARGET = 12.4;
				MTL_ENABLE_DEBUG_INFO = INCLUDE_SOURCE;
				MTL_FAST_MATH = YES;
				ONLY_ACTIVE_ARCH = YES;
				SDKROOT = iphoneos;
				SWIFT_ACTIVE_COMPILATION_CONDITIONS = DEBUG;
				SWIFT_OPTIMIZATION_LEVEL = "-Onone";
			};
			name = Debug;
		};
		EFE7768522E80708000C8776 /* Release */ = {
			isa = XCBuildConfiguration;
			buildSettings = {
				ALWAYS_SEARCH_USER_PATHS = NO;
				CLANG_ANALYZER_NONNULL = YES;
				CLANG_ANALYZER_NUMBER_OBJECT_CONVERSION = YES_AGGRESSIVE;
				CLANG_CXX_LANGUAGE_STANDARD = "gnu++14";
				CLANG_CXX_LIBRARY = "libc++";
				CLANG_ENABLE_MODULES = YES;
				CLANG_ENABLE_OBJC_ARC = YES;
				CLANG_ENABLE_OBJC_WEAK = YES;
				CLANG_WARN_BLOCK_CAPTURE_AUTORELEASING = YES;
				CLANG_WARN_BOOL_CONVERSION = YES;
				CLANG_WARN_COMMA = YES;
				CLANG_WARN_CONSTANT_CONVERSION = YES;
				CLANG_WARN_DEPRECATED_OBJC_IMPLEMENTATIONS = YES;
				CLANG_WARN_DIRECT_OBJC_ISA_USAGE = YES_ERROR;
				CLANG_WARN_DOCUMENTATION_COMMENTS = YES;
				CLANG_WARN_EMPTY_BODY = YES;
				CLANG_WARN_ENUM_CONVERSION = YES;
				CLANG_WARN_INFINITE_RECURSION = YES;
				CLANG_WARN_INT_CONVERSION = YES;
				CLANG_WARN_NON_LITERAL_NULL_CONVERSION = YES;
				CLANG_WARN_OBJC_IMPLICIT_RETAIN_SELF = YES;
				CLANG_WARN_OBJC_LITERAL_CONVERSION = YES;
				CLANG_WARN_OBJC_ROOT_CLASS = YES_ERROR;
				CLANG_WARN_RANGE_LOOP_ANALYSIS = YES;
				CLANG_WARN_STRICT_PROTOTYPES = YES;
				CLANG_WARN_SUSPICIOUS_MOVE = YES;
				CLANG_WARN_UNGUARDED_AVAILABILITY = YES_AGGRESSIVE;
				CLANG_WARN_UNREACHABLE_CODE = YES;
				CLANG_WARN__DUPLICATE_METHOD_MATCH = YES;
				CODE_SIGN_IDENTITY = "iPhone Developer";
				COPY_PHASE_STRIP = NO;
				DEBUG_INFORMATION_FORMAT = "dwarf-with-dsym";
				ENABLE_NS_ASSERTIONS = NO;
				ENABLE_STRICT_OBJC_MSGSEND = YES;
				GCC_C_LANGUAGE_STANDARD = gnu11;
				GCC_NO_COMMON_BLOCKS = YES;
				GCC_WARN_64_TO_32_BIT_CONVERSION = YES;
				GCC_WARN_ABOUT_RETURN_TYPE = YES_ERROR;
				GCC_WARN_UNDECLARED_SELECTOR = YES;
				GCC_WARN_UNINITIALIZED_AUTOS = YES_AGGRESSIVE;
				GCC_WARN_UNUSED_FUNCTION = YES;
				GCC_WARN_UNUSED_VARIABLE = YES;
				IPHONEOS_DEPLOYMENT_TARGET = 12.4;
				MTL_ENABLE_DEBUG_INFO = NO;
				MTL_FAST_MATH = YES;
				SDKROOT = iphoneos;
				SWIFT_COMPILATION_MODE = wholemodule;
				SWIFT_OPTIMIZATION_LEVEL = "-O";
				VALIDATE_PRODUCT = YES;
			};
			name = Release;
		};
		EFE7768722E80708000C8776 /* Debug */ = {
			isa = XCBuildConfiguration;
			buildSettings = {
				ASSETCATALOG_COMPILER_APPICON_NAME = AppIcon;
				CODE_SIGN_STYLE = Automatic;
				DEVELOPMENT_TEAM = SBB8C9E36E;
				INFOPLIST_FILE = "$(SRCROOT)/Resources/Info.plist";
				LD_RUNPATH_SEARCH_PATHS = (
					"$(inherited)",
					"@executable_path/Frameworks",
				);
				PRODUCT_BUNDLE_IDENTIFIER = "Seschwan.com.iOS-Albums";
				PRODUCT_NAME = "$(TARGET_NAME)";
				SWIFT_VERSION = 5.0;
				TARGETED_DEVICE_FAMILY = "1,2";
			};
			name = Debug;
		};
		EFE7768822E80708000C8776 /* Release */ = {
			isa = XCBuildConfiguration;
			buildSettings = {
				ASSETCATALOG_COMPILER_APPICON_NAME = AppIcon;
				CODE_SIGN_STYLE = Automatic;
				DEVELOPMENT_TEAM = SBB8C9E36E;
				INFOPLIST_FILE = "$(SRCROOT)/Resources/Info.plist";
				LD_RUNPATH_SEARCH_PATHS = (
					"$(inherited)",
					"@executable_path/Frameworks",
				);
				PRODUCT_BUNDLE_IDENTIFIER = "Seschwan.com.iOS-Albums";
				PRODUCT_NAME = "$(TARGET_NAME)";
				SWIFT_VERSION = 5.0;
				TARGETED_DEVICE_FAMILY = "1,2";
			};
			name = Release;
		};
/* End XCBuildConfiguration section */

/* Begin XCConfigurationList section */
		EFE7766F22E80707000C8776 /* Build configuration list for PBXProject "iOS Albums" */ = {
			isa = XCConfigurationList;
			buildConfigurations = (
				EFE7768422E80708000C8776 /* Debug */,
				EFE7768522E80708000C8776 /* Release */,
			);
			defaultConfigurationIsVisible = 0;
			defaultConfigurationName = Release;
		};
		EFE7768622E80708000C8776 /* Build configuration list for PBXNativeTarget "iOS Albums" */ = {
			isa = XCConfigurationList;
			buildConfigurations = (
				EFE7768722E80708000C8776 /* Debug */,
				EFE7768822E80708000C8776 /* Release */,
			);
			defaultConfigurationIsVisible = 0;
			defaultConfigurationName = Release;
		};
/* End XCConfigurationList section */
	};
	rootObject = EFE7766C22E80707000C8776 /* Project object */;
}
